# This file is generated by running "yarn install" inside your project.
# Manual changes might be lost - proceed with caution!

__metadata:
  version: 8
  cacheKey: 10

"@types/node@npm:*":
  version: 18.15.11
  resolution: "@types/node@npm:18.15.11"
  checksum: 10/ffadc25bea2c8c79db77ab6ad083938c976e2fc4a5ac52cfbdfe387df4404d02813e0f127a6666f5910f8975ff825f2225a8aba734bab7daa652ad60e6d34f45
  languageName: node
  linkType: hard

"@types/node@npm:20.11.26":
  version: 20.11.26
  resolution: "@types/node@npm:20.11.26"
  dependencies:
    undici-types: "npm:~5.26.4"
  checksum: 10/37a69017fc0e70bd52e106a7a0de21f78b29a869b2ab7b0539438ee6ce91cb9b49b80d6b68108e88fcc20e24cdc4dc00f6e8e1c28215d93412cb19a303572130
  languageName: node
  linkType: hard

"@types/prompts@npm:2.4.9":
  version: 2.4.9
  resolution: "@types/prompts@npm:2.4.9"
  dependencies:
    "@types/node": "npm:*"
    kleur: "npm:^3.0.3"
  checksum: 10/69b8372f4c790b45fea16a46ff8d1bcc71b14579481776b67bd6263637118a7ecb1f12e1311506c29fadc81bf618dc64f1a91f903cfd5be67a0455a227b3e462
  languageName: node
  linkType: hard

"ansi-styles@npm:^4.1.0":
  version: 4.3.0
  resolution: "ansi-styles@npm:4.3.0"
  dependencies:
    color-convert: "npm:^2.0.1"
  checksum: 10/b4494dfbfc7e4591b4711a396bd27e540f8153914123dccb4cdbbcb514015ada63a3809f362b9d8d4f6b17a706f1d7bea3c6f974b15fa5ae76b5b502070889ff
  languageName: node
  linkType: hard

"chalk@npm:4":
  version: 4.1.2
  resolution: "chalk@npm:4.1.2"
  dependencies:
    ansi-styles: "npm:^4.1.0"
    supports-color: "npm:^7.1.0"
  checksum: 10/cb3f3e594913d63b1814d7ca7c9bafbf895f75fbf93b92991980610dfd7b48500af4e3a5d4e3a8f337990a96b168d7eb84ee55efdce965e2ee8efc20f8c8f139
  languageName: node
  linkType: hard

"color-convert@npm:^2.0.1":
  version: 2.0.1
  resolution: "color-convert@npm:2.0.1"
  dependencies:
    color-name: "npm:~1.1.4"
  checksum: 10/fa00c91b4332b294de06b443923246bccebe9fab1b253f7fe1772d37b06a2269b4039a85e309abe1fe11b267b11c08d1d0473fda3badd6167f57313af2887a64
  languageName: node
  linkType: hard

"color-name@npm:~1.1.4":
  version: 1.1.4
  resolution: "color-name@npm:1.1.4"
  checksum: 10/b0445859521eb4021cd0fb0cc1a75cecf67fceecae89b63f62b201cca8d345baf8b952c966862a9d9a2632987d4f6581f0ec8d957dfacece86f0a7919316f610
  languageName: node
  linkType: hard

"commander@npm:12.0.0":
  version: 12.0.0
  resolution: "commander@npm:12.0.0"
  checksum: 10/62062e2ffe6abd5aa42a551e62fd5eb9b2620f6ac4299382b2aa9fb02f95cda0242d7e84acb890479bd6491edb805f7f91aecb5b4f5c70dc57df49ed7f02ef14
  languageName: node
  linkType: hard

"create-tgsnake-app@workspace:.":
  version: 0.0.0-use.local
  resolution: "create-tgsnake-app@workspace:."
  dependencies:
    "@types/node": "npm:20.11.26"
    "@types/prompts": "npm:2.4.9"
    chalk: "npm:4"
    commander: "npm:12.0.0"
    prettier: "npm:3.2.5"
    prompts: "npm:2.4.2"
    typescript: "npm:5.4.2"
  bin:
    create-tgsnake-app: ./dist/src/index.js
  languageName: unknown
  linkType: soft

"has-flag@npm:^4.0.0":
  version: 4.0.0
  resolution: "has-flag@npm:4.0.0"
  checksum: 10/261a1357037ead75e338156b1f9452c016a37dcd3283a972a30d9e4a87441ba372c8b81f818cd0fbcd9c0354b4ae7e18b9e1afa1971164aef6d18c2b6095a8ad
  languageName: node
  linkType: hard

"kleur@npm:^3.0.3":
  version: 3.0.3
  resolution: "kleur@npm:3.0.3"
  checksum: 10/0c0ecaf00a5c6173d25059c7db2113850b5457016dfa1d0e3ef26da4704fbb186b4938d7611246d86f0ddf1bccf26828daa5877b1f232a65e7373d0122a83e7f
  languageName: node
  linkType: hard

"prettier@npm:3.2.5":
  version: 3.2.5
  resolution: "prettier@npm:3.2.5"
  bin:
    prettier: bin/prettier.cjs
  checksum: 10/d509f9da0b70e8cacc561a1911c0d99ec75117faed27b95cc8534cb2349667dee6351b0ca83fa9d5703f14127faa52b798de40f5705f02d843da133fc3aa416a
  languageName: node
  linkType: hard

"prompts@npm:2.4.2":
  version: 2.4.2
  resolution: "prompts@npm:2.4.2"
  dependencies:
    kleur: "npm:^3.0.3"
    sisteransi: "npm:^1.0.5"
  checksum: 10/c52536521a4d21eff4f2f2aa4572446cad227464066365a7167e52ccf8d9839c099f9afec1aba0eed3d5a2514b3e79e0b3e7a1dc326b9acde6b75d27ed74b1a9
  languageName: node
  linkType: hard

"sisteransi@npm:^1.0.5":
  version: 1.0.5
  resolution: "sisteransi@npm:1.0.5"
  checksum: 10/aba6438f46d2bfcef94cf112c835ab395172c75f67453fe05c340c770d3c402363018ae1ab4172a1026a90c47eaccf3af7b6ff6fa749a680c2929bd7fa2b37a4
  languageName: node
  linkType: hard

"supports-color@npm:^7.1.0":
  version: 7.2.0
  resolution: "supports-color@npm:7.2.0"
  dependencies:
    has-flag: "npm:^4.0.0"
  checksum: 10/c8bb7afd564e3b26b50ca6ee47572c217526a1389fe018d00345856d4a9b08ffbd61fadaf283a87368d94c3dcdb8f5ffe2650a5a65863e21ad2730ca0f05210a
  languageName: node
  linkType: hard

"typescript@npm:5.4.2":
  version: 5.4.2
  resolution: "typescript@npm:5.4.2"
  bin:
    tsc: bin/tsc
    tsserver: bin/tsserver
  checksum: 10/f8cfdc630ab1672f004e9561eb2916935b2d267792d07ce93e97fc601c7a65191af32033d5e9c0169b7dc37da7db9bf320f7432bc84527cb7697effaa4e4559d
  languageName: node
  linkType: hard

"typescript@patch:typescript@npm%3A5.4.2#optional!builtin<compat/typescript>":
  version: 5.4.2
  resolution: "typescript@patch:typescript@npm%3A5.4.2#optional!builtin<compat/typescript>::version=5.4.2&hash=5adc0c"
  bin:
    tsc: bin/tsc
    tsserver: bin/tsserver
  checksum: 10/f5f9a4133c2670761f0166eae5b3bafbc4a3fc24f0f42a93c9c893d9e9d6e66ea066969c5e7483fa66b4ae0e99125592553f3b92fd3599484de8be13b0615176
  languageName: node
  linkType: hard

"undici-types@npm:~5.26.4":
  version: 5.26.5
  resolution: "undici-types@npm:5.26.5"
  checksum: 10/0097779d94bc0fd26f0418b3a05472410408877279141ded2bd449167be1aed7ea5b76f756562cb3586a07f251b90799bab22d9019ceba49c037c76445f7cddd
  languageName: node
  linkType: hard
